
Microsoft Visual Studio Solution File, Format Version 12.00
# Visual Studio 15
VisualStudioVersion = 15.0.28307.779
MinimumVisualStudioVersion = 10.0.40219.1
Project("{FAE04EC0-301F-11D3-BF4B-00C04F79EFBC}") = "MyMvc", "MyMvc\MyMvc.csproj", "{69EAE634-E857-4D9A-8C5D-2933332C6930}"
EndProject
Global
	GlobalSection(SolutionConfigurationPlatforms) = preSolution
		Debug|Any CPU = Debug|Any CPU
		Release|Any CPU = Release|Any CPU
	EndGlobalSection
	GlobalSection(ProjectConfigurationPlatforms) = postSolution
		{69EAE634-E857-4D9A-8C5D-2933332C6930}.Debug|Any CPU.ActiveCfg = Debug|Any CPU
		{69EAE634-E857-4D9A-8C5D-2933332C6930}.Debug|Any CPU.Build.0 = Debug|Any CPU
		{69EAE634-E857-4D9A-8C5D-2933332C6930}.Release|Any CPU.ActiveCfg = Release|Any CPU
		{69EAE634-E857-4D9A-8C5D-2933332C6930}.Release|Any CPU.Build.0 = Release|Any CPU
	EndGlobalSection
	GlobalSection(SolutionProperties) = preSolution
		HideSolutionNode = FALSE
	EndGlobalSection
	GlobalSection(ExtensibilityGlobals) = postSolution
		SolutionGuid = {2DE1DE08-2783-455A-BDBE-F66B89C09492}
	EndGlobalSection
EndGlobal
